
Microsoft Visual Studio Solution File, Format Version 12.00
# Visual Studio Version 16
VisualStudioVersion = 16.0.30413.136
MinimumVisualStudioVersion = 10.0.40219.1
Project("{9A19103F-16F7-4668-BE54-9A1E7A4F7556}") = "ecoinvoice", "ecoinvoice.csproj", "{97B5A3D6-6F10-4627-AB6A-295B679BE74B}"
EndProject
Project("{9A19103F-16F7-4668-BE54-9A1E7A4F7556}") = "ADEmailSender", "..\ADEmailSender\ADEmailSender.csproj", "{5EC2BA1E-D20B-4E30-9A72-F9010ADC691E}"
EndProject
Global
	GlobalSection(SolutionConfigurationPlatforms) = preSolution
		Debug|Any CPU = Debug|Any CPU
		Release|Any CPU = Release|Any CPU
	EndGlobalSection
	GlobalSection(ProjectConfigurationPlatforms) = postSolution
		{97B5A3D6-6F10-4627-AB6A-295B679BE74B}.Debug|Any CPU.ActiveCfg = Debug|Any CPU
		{97B5A3D6-6F10-4627-AB6A-295B679BE74B}.Debug|Any CPU.Build.0 = Debug|Any CPU
		{97B5A3D6-6F10-4627-AB6A-295B679BE74B}.Release|Any CPU.ActiveCfg = Release|Any CPU
		{97B5A3D6-6F10-4627-AB6A-295B679BE74B}.Release|Any CPU.Build.0 = Release|Any CPU
		{5EC2BA1E-D20B-4E30-9A72-F9010ADC691E}.Debug|Any CPU.ActiveCfg = Debug|Any CPU
		{5EC2BA1E-D20B-4E30-9A72-F9010ADC691E}.Debug|Any CPU.Build.0 = Debug|Any CPU
		{5EC2BA1E-D20B-4E30-9A72-F9010ADC691E}.Release|Any CPU.ActiveCfg = Release|Any CPU
		{5EC2BA1E-D20B-4E30-9A72-F9010ADC691E}.Release|Any CPU.Build.0 = Release|Any CPU
	EndGlobalSection
	GlobalSection(SolutionProperties) = preSolution
		HideSolutionNode = FALSE
	EndGlobalSection
	GlobalSection(ExtensibilityGlobals) = postSolution
		SolutionGuid = {C3E5A829-7AA6-4A52-849D-8676BFD29F08}
	EndGlobalSection
EndGlobal
